// !$*UTF8*$!
{
	archiveVersion = 1;
	classes = {
	};
	objectVersion = 55;
	objects = {

/* Begin PBXBuildFile section */
		96778FDE2893E2D700E78307 /* AppDelegate.swift in Sources */ = {isa = PBXBuildFile; fileRef = 96778FDD2893E2D700E78307 /* AppDelegate.swift */; };
		96778FE02893E2D700E78307 /* SceneDelegate.swift in Sources */ = {isa = PBXBuildFile; fileRef = 96778FDF2893E2D700E78307 /* SceneDelegate.swift */; };
		96778FE82893E2D700E78307 /* goat.xcdatamodeld in Sources */ = {isa = PBXBuildFile; fileRef = 96778FE62893E2D700E78307 /* goat.xcdatamodeld */; };
		96778FEA2893E2D900E78307 /* Assets.xcassets in Resources */ = {isa = PBXBuildFile; fileRef = 96778FE92893E2D900E78307 /* Assets.xcassets */; };
		96778FED2893E2D900E78307 /* LaunchScreen.storyboard in Resources */ = {isa = PBXBuildFile; fileRef = 96778FEB2893E2D900E78307 /* LaunchScreen.storyboard */; };
		96778FF82893E2DA00E78307 /* goatTests.swift in Sources */ = {isa = PBXBuildFile; fileRef = 96778FF72893E2DA00E78307 /* goatTests.swift */; };
		967790022893E2DA00E78307 /* goatUITests.swift in Sources */ = {isa = PBXBuildFile; fileRef = 967790012893E2DA00E78307 /* goatUITests.swift */; };
		967790042893E2DA00E78307 /* goatUITestsLaunchTests.swift in Sources */ = {isa = PBXBuildFile; fileRef = 967790032893E2DA00E78307 /* goatUITestsLaunchTests.swift */; };
		9677901B2893E3AA00E78307 /* Poppins-ExtraLight.ttf in Resources */ = {isa = PBXBuildFile; fileRef = 967790122893E3A900E78307 /* Poppins-ExtraLight.ttf */; };
		9677901C2893E3AA00E78307 /* Poppins-ExtraBold.ttf in Resources */ = {isa = PBXBuildFile; fileRef = 967790132893E3A900E78307 /* Poppins-ExtraBold.ttf */; };
		9677901D2893E3AA00E78307 /* Poppins-SemiBold.ttf in Resources */ = {isa = PBXBuildFile; fileRef = 967790142893E3A900E78307 /* Poppins-SemiBold.ttf */; };
		9677901E2893E3AA00E78307 /* Poppins-Light.ttf in Resources */ = {isa = PBXBuildFile; fileRef = 967790152893E3AA00E78307 /* Poppins-Light.ttf */; };
		9677901F2893E3AA00E78307 /* Poppins-Regular.ttf in Resources */ = {isa = PBXBuildFile; fileRef = 967790162893E3AA00E78307 /* Poppins-Regular.ttf */; };
		967790202893E3AA00E78307 /* Poppins-Thin.ttf in Resources */ = {isa = PBXBuildFile; fileRef = 967790172893E3AA00E78307 /* Poppins-Thin.ttf */; };
		967790212893E3AA00E78307 /* Poppins-Bold.ttf in Resources */ = {isa = PBXBuildFile; fileRef = 967790182893E3AA00E78307 /* Poppins-Bold.ttf */; };
		967790222893E3AA00E78307 /* Poppins-Black.ttf in Resources */ = {isa = PBXBuildFile; fileRef = 967790192893E3AA00E78307 /* Poppins-Black.ttf */; };
		967790232893E3AA00E78307 /* Poppins-Medium.ttf in Resources */ = {isa = PBXBuildFile; fileRef = 9677901A2893E3AA00E78307 /* Poppins-Medium.ttf */; };
		967790272893E40C00E78307 /* Main.storyboard in Resources */ = {isa = PBXBuildFile; fileRef = 967790262893E40C00E78307 /* Main.storyboard */; };
		967790292893E42D00E78307 /* Profiles.storyboard in Resources */ = {isa = PBXBuildFile; fileRef = 967790282893E42D00E78307 /* Profiles.storyboard */; };
		9677902B2893E45B00E78307 /* MainFeedViewController.swift in Sources */ = {isa = PBXBuildFile; fileRef = 9677902A2893E45B00E78307 /* MainFeedViewController.swift */; };
		9677902D2893E47B00E78307 /* ViewProfileViewController.swift in Sources */ = {isa = PBXBuildFile; fileRef = 9677902C2893E47B00E78307 /* ViewProfileViewController.swift */; };
		967790312893EB7400E78307 /* MainFeedCollectionViewCell.swift in Sources */ = {isa = PBXBuildFile; fileRef = 967790302893EB7400E78307 /* MainFeedCollectionViewCell.swift */; };
		967790362893EE6800E78307 /* ContentModels.swift in Sources */ = {isa = PBXBuildFile; fileRef = 967790352893EE6800E78307 /* ContentModels.swift */; };
		967790382893EEF400E78307 /* CustomPropertyWrappers.swift in Sources */ = {isa = PBXBuildFile; fileRef = 967790372893EEF400E78307 /* CustomPropertyWrappers.swift */; };
		9677903A2893EF8900E78307 /* ObjectParser.swift in Sources */ = {isa = PBXBuildFile; fileRef = 967790392893EF8900E78307 /* ObjectParser.swift */; };
		9677903C2893F07A00E78307 /* UserModels.swift in Sources */ = {isa = PBXBuildFile; fileRef = 9677903B2893F07A00E78307 /* UserModels.swift */; };
		9677903E2894046800E78307 /* UIExtensions.swift in Sources */ = {isa = PBXBuildFile; fileRef = 9677903D2894046800E78307 /* UIExtensions.swift */; };
		9677904028940E4D00E78307 /* GoogleService-Info.plist in Resources */ = {isa = PBXBuildFile; fileRef = 9677903F28940E4C00E78307 /* GoogleService-Info.plist */; };
		96B72ECF28941604003F7C87 /* ContentDownloader.swift in Sources */ = {isa = PBXBuildFile; fileRef = 96B72ECE28941604003F7C87 /* ContentDownloader.swift */; };
		96B72ED1289416D1003F7C87 /* DownloadValidator.swift in Sources */ = {isa = PBXBuildFile; fileRef = 96B72ED0289416D1003F7C87 /* DownloadValidator.swift */; };
		96B72ED32894182A003F7C87 /* CustomErrors.swift in Sources */ = {isa = PBXBuildFile; fileRef = 96B72ED22894182A003F7C87 /* CustomErrors.swift */; };
		96B72ED528956C31003F7C87 /* ImagePostDownloader.swift in Sources */ = {isa = PBXBuildFile; fileRef = 96B72ED428956C31003F7C87 /* ImagePostDownloader.swift */; };
		96B72ED7289582F7003F7C87 /* CustomEnums.swift in Sources */ = {isa = PBXBuildFile; fileRef = 96B72ED6289582F7003F7C87 /* CustomEnums.swift */; };
		A379E566BB0F41224F533F3A /* Pods_goat.framework in Frameworks */ = {isa = PBXBuildFile; fileRef = 24CA7EA020E76AC03BFC7188 /* Pods_goat.framework */; };
		CE3DCCEE58A4B8A393A125A8 /* Pods_goat_goatUITests.framework in Frameworks */ = {isa = PBXBuildFile; fileRef = 50D42071CE28984D5FFBDA43 /* Pods_goat_goatUITests.framework */; };
		E96EC1BAF65CA1679EADBE5E /* Pods_goatTests.framework in Frameworks */ = {isa = PBXBuildFile; fileRef = 587BB68A6D4DBF6B504B4B1A /* Pods_goatTests.framework */; };
/* End PBXBuildFile section */

/* Begin PBXContainerItemProxy section */
		96778FF42893E2DA00E78307 /* PBXContainerItemProxy */ = {
			isa = PBXContainerItemProxy;
			containerPortal = 96778FD22893E2D700E78307 /* Project object */;
			proxyType = 1;
			remoteGlobalIDString = 96778FD92893E2D700E78307;
			remoteInfo = goat;
		};
		96778FFE2893E2DA00E78307 /* PBXContainerItemProxy */ = {
			isa = PBXContainerItemProxy;
			containerPortal = 96778FD22893E2D700E78307 /* Project object */;
			proxyType = 1;
			remoteGlobalIDString = 96778FD92893E2D700E78307;
			remoteInfo = goat;
		};
/* End PBXContainerItemProxy section */

/* Begin PBXFileReference section */
		1DB6106376239BA1E55785C8 /* Pods-goat-goatUITests.release.xcconfig */ = {isa = PBXFileReference; includeInIndex = 1; lastKnownFileType = text.xcconfig; name = "Pods-goat-goatUITests.release.xcconfig"; path = "Target Support Files/Pods-goat-goatUITests/Pods-goat-goatUITests.release.xcconfig"; sourceTree = "<group>"; };
		24CA7EA020E76AC03BFC7188 /* Pods_goat.framework */ = {isa = PBXFileReference; explicitFileType = wrapper.framework; includeInIndex = 0; path = Pods_goat.framework; sourceTree = BUILT_PRODUCTS_DIR; };
		4F8F8D51A3CADAE536E86721 /* Pods-goatTests.debug.xcconfig */ = {isa = PBXFileReference; includeInIndex = 1; lastKnownFileType = text.xcconfig; name = "Pods-goatTests.debug.xcconfig"; path = "Target Support Files/Pods-goatTests/Pods-goatTests.debug.xcconfig"; sourceTree = "<group>"; };
		50D42071CE28984D5FFBDA43 /* Pods_goat_goatUITests.framework */ = {isa = PBXFileReference; explicitFileType = wrapper.framework; includeInIndex = 0; path = Pods_goat_goatUITests.framework; sourceTree = BUILT_PRODUCTS_DIR; };
		587BB68A6D4DBF6B504B4B1A /* Pods_goatTests.framework */ = {isa = PBXFileReference; explicitFileType = wrapper.framework; includeInIndex = 0; path = Pods_goatTests.framework; sourceTree = BUILT_PRODUCTS_DIR; };
		86CDD9C15F6C1A3D5917A064 /* Pods-goat.debug.xcconfig */ = {isa = PBXFileReference; includeInIndex = 1; lastKnownFileType = text.xcconfig; name = "Pods-goat.debug.xcconfig"; path = "Target Support Files/Pods-goat/Pods-goat.debug.xcconfig"; sourceTree = "<group>"; };
		9402BA8C869F2105C61B0C49 /* Pods-goat.release.xcconfig */ = {isa = PBXFileReference; includeInIndex = 1; lastKnownFileType = text.xcconfig; name = "Pods-goat.release.xcconfig"; path = "Target Support Files/Pods-goat/Pods-goat.release.xcconfig"; sourceTree = "<group>"; };
		96778FDA2893E2D700E78307 /* goat.app */ = {isa = PBXFileReference; explicitFileType = wrapper.application; includeInIndex = 0; path = goat.app; sourceTree = BUILT_PRODUCTS_DIR; };
		96778FDD2893E2D700E78307 /* AppDelegate.swift */ = {isa = PBXFileReference; lastKnownFileType = sourcecode.swift; path = AppDelegate.swift; sourceTree = "<group>"; };
		96778FDF2893E2D700E78307 /* SceneDelegate.swift */ = {isa = PBXFileReference; lastKnownFileType = sourcecode.swift; path = SceneDelegate.swift; sourceTree = "<group>"; };
		96778FE72893E2D700E78307 /* goat.xcdatamodel */ = {isa = PBXFileReference; lastKnownFileType = wrapper.xcdatamodel; path = goat.xcdatamodel; sourceTree = "<group>"; };
		96778FE92893E2D900E78307 /* Assets.xcassets */ = {isa = PBXFileReference; lastKnownFileType = folder.assetcatalog; path = Assets.xcassets; sourceTree = "<group>"; };
		96778FEC2893E2D900E78307 /* Base */ = {isa = PBXFileReference; lastKnownFileType = file.storyboard; name = Base; path = Base.lproj/LaunchScreen.storyboard; sourceTree = "<group>"; };
		96778FEE2893E2D900E78307 /* Info.plist */ = {isa = PBXFileReference; lastKnownFileType = text.plist.xml; path = Info.plist; sourceTree = "<group>"; };
		96778FF32893E2DA00E78307 /* goatTests.xctest */ = {isa = PBXFileReference; explicitFileType = wrapper.cfbundle; includeInIndex = 0; path = goatTests.xctest; sourceTree = BUILT_PRODUCTS_DIR; };
		96778FF72893E2DA00E78307 /* goatTests.swift */ = {isa = PBXFileReference; lastKnownFileType = sourcecode.swift; path = goatTests.swift; sourceTree = "<group>"; };
		96778FFD2893E2DA00E78307 /* goatUITests.xctest */ = {isa = PBXFileReference; explicitFileType = wrapper.cfbundle; includeInIndex = 0; path = goatUITests.xctest; sourceTree = BUILT_PRODUCTS_DIR; };
		967790012893E2DA00E78307 /* goatUITests.swift */ = {isa = PBXFileReference; lastKnownFileType = sourcecode.swift; path = goatUITests.swift; sourceTree = "<group>"; };
		967790032893E2DA00E78307 /* goatUITestsLaunchTests.swift */ = {isa = PBXFileReference; lastKnownFileType = sourcecode.swift; path = goatUITestsLaunchTests.swift; sourceTree = "<group>"; };
		967790122893E3A900E78307 /* Poppins-ExtraLight.ttf */ = {isa = PBXFileReference; lastKnownFileType = file; path = "Poppins-ExtraLight.ttf"; sourceTree = "<group>"; };
		967790132893E3A900E78307 /* Poppins-ExtraBold.ttf */ = {isa = PBXFileReference; lastKnownFileType = file; path = "Poppins-ExtraBold.ttf"; sourceTree = "<group>"; };
		967790142893E3A900E78307 /* Poppins-SemiBold.ttf */ = {isa = PBXFileReference; lastKnownFileType = file; path = "Poppins-SemiBold.ttf"; sourceTree = "<group>"; };
		967790152893E3AA00E78307 /* Poppins-Light.ttf */ = {isa = PBXFileReference; lastKnownFileType = file; path = "Poppins-Light.ttf"; sourceTree = "<group>"; };
		967790162893E3AA00E78307 /* Poppins-Regular.ttf */ = {isa = PBXFileReference; lastKnownFileType = file; path = "Poppins-Regular.ttf"; sourceTree = "<group>"; };
		967790172893E3AA00E78307 /* Poppins-Thin.ttf */ = {isa = PBXFileReference; lastKnownFileType = file; path = "Poppins-Thin.ttf"; sourceTree = "<group>"; };
		967790182893E3AA00E78307 /* Poppins-Bold.ttf */ = {isa = PBXFileReference; lastKnownFileType = file; path = "Poppins-Bold.ttf"; sourceTree = "<group>"; };
		967790192893E3AA00E78307 /* Poppins-Black.ttf */ = {isa = PBXFileReference; lastKnownFileType = file; path = "Poppins-Black.ttf"; sourceTree = "<group>"; };
		9677901A2893E3AA00E78307 /* Poppins-Medium.ttf */ = {isa = PBXFileReference; lastKnownFileType = file; path = "Poppins-Medium.ttf"; sourceTree = "<group>"; };
		967790262893E40C00E78307 /* Main.storyboard */ = {isa = PBXFileReference; lastKnownFileType = file.storyboard; path = Main.storyboard; sourceTree = "<group>"; };
		967790282893E42D00E78307 /* Profiles.storyboard */ = {isa = PBXFileReference; lastKnownFileType = file.storyboard; path = Profiles.storyboard; sourceTree = "<group>"; };
		9677902A2893E45B00E78307 /* MainFeedViewController.swift */ = {isa = PBXFileReference; lastKnownFileType = sourcecode.swift; path = MainFeedViewController.swift; sourceTree = "<group>"; };
		9677902C2893E47B00E78307 /* ViewProfileViewController.swift */ = {isa = PBXFileReference; lastKnownFileType = sourcecode.swift; path = ViewProfileViewController.swift; sourceTree = "<group>"; };
		967790302893EB7400E78307 /* MainFeedCollectionViewCell.swift */ = {isa = PBXFileReference; lastKnownFileType = sourcecode.swift; path = MainFeedCollectionViewCell.swift; sourceTree = "<group>"; };
		967790352893EE6800E78307 /* ContentModels.swift */ = {isa = PBXFileReference; lastKnownFileType = sourcecode.swift; path = ContentModels.swift; sourceTree = "<group>"; };
		967790372893EEF400E78307 /* CustomPropertyWrappers.swift */ = {isa = PBXFileReference; lastKnownFileType = sourcecode.swift; path = CustomPropertyWrappers.swift; sourceTree = "<group>"; };
		967790392893EF8900E78307 /* ObjectParser.swift */ = {isa = PBXFileReference; lastKnownFileType = sourcecode.swift; path = ObjectParser.swift; sourceTree = "<group>"; };
		9677903B2893F07A00E78307 /* UserModels.swift */ = {isa = PBXFileReference; lastKnownFileType = sourcecode.swift; path = UserModels.swift; sourceTree = "<group>"; };
		9677903D2894046800E78307 /* UIExtensions.swift */ = {isa = PBXFileReference; lastKnownFileType = sourcecode.swift; path = UIExtensions.swift; sourceTree = "<group>"; };
		9677903F28940E4C00E78307 /* GoogleService-Info.plist */ = {isa = PBXFileReference; fileEncoding = 4; lastKnownFileType = text.plist.xml; path = "GoogleService-Info.plist"; sourceTree = "<group>"; };
		96B72ECE28941604003F7C87 /* ContentDownloader.swift */ = {isa = PBXFileReference; lastKnownFileType = sourcecode.swift; path = ContentDownloader.swift; sourceTree = "<group>"; };
		96B72ED0289416D1003F7C87 /* DownloadValidator.swift */ = {isa = PBXFileReference; lastKnownFileType = sourcecode.swift; path = DownloadValidator.swift; sourceTree = "<group>"; };
		96B72ED22894182A003F7C87 /* CustomErrors.swift */ = {isa = PBXFileReference; lastKnownFileType = sourcecode.swift; path = CustomErrors.swift; sourceTree = "<group>"; };
		96B72ED428956C31003F7C87 /* ImagePostDownloader.swift */ = {isa = PBXFileReference; lastKnownFileType = sourcecode.swift; path = ImagePostDownloader.swift; sourceTree = "<group>"; };
		96B72ED6289582F7003F7C87 /* CustomEnums.swift */ = {isa = PBXFileReference; lastKnownFileType = sourcecode.swift; path = CustomEnums.swift; sourceTree = "<group>"; };
		A188FF19091D3CA71DA6FC58 /* Pods-goat-goatUITests.debug.xcconfig */ = {isa = PBXFileReference; includeInIndex = 1; lastKnownFileType = text.xcconfig; name = "Pods-goat-goatUITests.debug.xcconfig"; path = "Target Support Files/Pods-goat-goatUITests/Pods-goat-goatUITests.debug.xcconfig"; sourceTree = "<group>"; };
		E026BE75BD7C37931E1A1846 /* Pods-goatTests.release.xcconfig */ = {isa = PBXFileReference; includeInIndex = 1; lastKnownFileType = text.xcconfig; name = "Pods-goatTests.release.xcconfig"; path = "Target Support Files/Pods-goatTests/Pods-goatTests.release.xcconfig"; sourceTree = "<group>"; };
/* End PBXFileReference section */

/* Begin PBXFrameworksBuildPhase section */
		96778FD72893E2D700E78307 /* Frameworks */ = {
			isa = PBXFrameworksBuildPhase;
			buildActionMask = 2147483647;
			files = (
				A379E566BB0F41224F533F3A /* Pods_goat.framework in Frameworks */,
			);
			runOnlyForDeploymentPostprocessing = 0;
		};
		96778FF02893E2DA00E78307 /* Frameworks */ = {
			isa = PBXFrameworksBuildPhase;
			buildActionMask = 2147483647;
			files = (
				E96EC1BAF65CA1679EADBE5E /* Pods_goatTests.framework in Frameworks */,
			);
			runOnlyForDeploymentPostprocessing = 0;
		};
		96778FFA2893E2DA00E78307 /* Frameworks */ = {
			isa = PBXFrameworksBuildPhase;
			buildActionMask = 2147483647;
			files = (
				CE3DCCEE58A4B8A393A125A8 /* Pods_goat_goatUITests.framework in Frameworks */,
			);
			runOnlyForDeploymentPostprocessing = 0;
		};
/* End PBXFrameworksBuildPhase section */

/* Begin PBXGroup section */
		0EC4C855FC4435A0F64BDB25 /* Pods */ = {
			isa = PBXGroup;
			children = (
				86CDD9C15F6C1A3D5917A064 /* Pods-goat.debug.xcconfig */,
				9402BA8C869F2105C61B0C49 /* Pods-goat.release.xcconfig */,
				A188FF19091D3CA71DA6FC58 /* Pods-goat-goatUITests.debug.xcconfig */,
				1DB6106376239BA1E55785C8 /* Pods-goat-goatUITests.release.xcconfig */,
				4F8F8D51A3CADAE536E86721 /* Pods-goatTests.debug.xcconfig */,
				E026BE75BD7C37931E1A1846 /* Pods-goatTests.release.xcconfig */,
			);
			path = Pods;
			sourceTree = "<group>";
		};
		96778FD12893E2D700E78307 = {
			isa = PBXGroup;
			children = (
				96778FDC2893E2D700E78307 /* goat */,
				96778FF62893E2DA00E78307 /* goatTests */,
				967790002893E2DA00E78307 /* goatUITests */,
				96778FDB2893E2D700E78307 /* Products */,
				0EC4C855FC4435A0F64BDB25 /* Pods */,
				D47C234373DC0ED595865564 /* Frameworks */,
			);
			sourceTree = "<group>";
		};
		96778FDB2893E2D700E78307 /* Products */ = {
			isa = PBXGroup;
			children = (
				96778FDA2893E2D700E78307 /* goat.app */,
				96778FF32893E2DA00E78307 /* goatTests.xctest */,
				96778FFD2893E2DA00E78307 /* goatUITests.xctest */,
			);
			name = Products;
			sourceTree = "<group>";
		};
		96778FDC2893E2D700E78307 /* goat */ = {
			isa = PBXGroup;
			children = (
				967790342893EE4F00E78307 /* Models */,
				967790332893EE3300E78307 /* Resources */,
				967790322893EE2800E78307 /* Helpers */,
				967790252893E3C000E78307 /* Feed */,
				967790242893E3B700E78307 /* Profiles */,
				967790102893E35900E78307 /* Assets */,
				96778FDD2893E2D700E78307 /* AppDelegate.swift */,
				96778FDF2893E2D700E78307 /* SceneDelegate.swift */,
				96778FEB2893E2D900E78307 /* LaunchScreen.storyboard */,
				96778FEE2893E2D900E78307 /* Info.plist */,
				9677903F28940E4C00E78307 /* GoogleService-Info.plist */,
				96778FE62893E2D700E78307 /* goat.xcdatamodeld */,
			);
			path = goat;
			sourceTree = "<group>";
		};
		96778FF62893E2DA00E78307 /* goatTests */ = {
			isa = PBXGroup;
			children = (
				96778FF72893E2DA00E78307 /* goatTests.swift */,
			);
			path = goatTests;
			sourceTree = "<group>";
		};
		967790002893E2DA00E78307 /* goatUITests */ = {
			isa = PBXGroup;
			children = (
				967790012893E2DA00E78307 /* goatUITests.swift */,
				967790032893E2DA00E78307 /* goatUITestsLaunchTests.swift */,
			);
			path = goatUITests;
			sourceTree = "<group>";
		};
		967790102893E35900E78307 /* Assets */ = {
			isa = PBXGroup;
			children = (
				96778FE92893E2D900E78307 /* Assets.xcassets */,
				967790112893E36000E78307 /* Fonts */,
			);
			path = Assets;
			sourceTree = "<group>";
		};
		967790112893E36000E78307 /* Fonts */ = {
			isa = PBXGroup;
			children = (
				967790192893E3AA00E78307 /* Poppins-Black.ttf */,
				967790182893E3AA00E78307 /* Poppins-Bold.ttf */,
				967790132893E3A900E78307 /* Poppins-ExtraBold.ttf */,
				967790122893E3A900E78307 /* Poppins-ExtraLight.ttf */,
				967790152893E3AA00E78307 /* Poppins-Light.ttf */,
				9677901A2893E3AA00E78307 /* Poppins-Medium.ttf */,
				967790162893E3AA00E78307 /* Poppins-Regular.ttf */,
				967790142893E3A900E78307 /* Poppins-SemiBold.ttf */,
				967790172893E3AA00E78307 /* Poppins-Thin.ttf */,
			);
			path = Fonts;
			sourceTree = "<group>";
		};
		967790242893E3B700E78307 /* Profiles */ = {
			isa = PBXGroup;
			children = (
				967790282893E42D00E78307 /* Profiles.storyboard */,
				9677902C2893E47B00E78307 /* ViewProfileViewController.swift */,
			);
			path = Profiles;
			sourceTree = "<group>";
		};
		967790252893E3C000E78307 /* Feed */ = {
			isa = PBXGroup;
			children = (
				967790262893E40C00E78307 /* Main.storyboard */,
				9677902A2893E45B00E78307 /* MainFeedViewController.swift */,
				967790302893EB7400E78307 /* MainFeedCollectionViewCell.swift */,
			);
			path = Feed;
			sourceTree = "<group>";
		};
		967790322893EE2800E78307 /* Helpers */ = {
			isa = PBXGroup;
			children = (
				967790392893EF8900E78307 /* ObjectParser.swift */,
				96B72ED0289416D1003F7C87 /* DownloadValidator.swift */,
				96B72ED428956C31003F7C87 /* ImagePostDownloader.swift */,
				96B72ECE28941604003F7C87 /* ContentDownloader.swift */,
			);
			path = Helpers;
			sourceTree = "<group>";
		};
		967790332893EE3300E78307 /* Resources */ = {
			isa = PBXGroup;
			children = (
				967790372893EEF400E78307 /* CustomPropertyWrappers.swift */,
				9677903D2894046800E78307 /* UIExtensions.swift */,
				96B72ED22894182A003F7C87 /* CustomErrors.swift */,
				96B72ED6289582F7003F7C87 /* CustomEnums.swift */,
			);
			path = Resources;
			sourceTree = "<group>";
		};
		967790342893EE4F00E78307 /* Models */ = {
			isa = PBXGroup;
			children = (
				967790352893EE6800E78307 /* ContentModels.swift */,
				9677903B2893F07A00E78307 /* UserModels.swift */,
			);
			path = Models;
			sourceTree = "<group>";
		};
		D47C234373DC0ED595865564 /* Frameworks */ = {
			isa = PBXGroup;
			children = (
				24CA7EA020E76AC03BFC7188 /* Pods_goat.framework */,
				50D42071CE28984D5FFBDA43 /* Pods_goat_goatUITests.framework */,
				587BB68A6D4DBF6B504B4B1A /* Pods_goatTests.framework */,
			);
			name = Frameworks;
			sourceTree = "<group>";
		};
/* End PBXGroup section */

/* Begin PBXNativeTarget section */
		96778FD92893E2D700E78307 /* goat */ = {
			isa = PBXNativeTarget;
			buildConfigurationList = 967790072893E2DA00E78307 /* Build configuration list for PBXNativeTarget "goat" */;
			buildPhases = (
				15DFA5D0A1B53F2FFF51A341 /* [CP] Check Pods Manifest.lock */,
				96778FD62893E2D700E78307 /* Sources */,
				96778FD72893E2D700E78307 /* Frameworks */,
				96778FD82893E2D700E78307 /* Resources */,
				4D6AC02AE92E9481BBCFEC30 /* [CP] Embed Pods Frameworks */,
			);
			buildRules = (
			);
			dependencies = (
			);
			name = goat;
			productName = goat;
			productReference = 96778FDA2893E2D700E78307 /* goat.app */;
			productType = "com.apple.product-type.application";
		};
		96778FF22893E2DA00E78307 /* goatTests */ = {
			isa = PBXNativeTarget;
			buildConfigurationList = 9677900A2893E2DA00E78307 /* Build configuration list for PBXNativeTarget "goatTests" */;
			buildPhases = (
				52C488773617C5999073159D /* [CP] Check Pods Manifest.lock */,
				96778FEF2893E2DA00E78307 /* Sources */,
				96778FF02893E2DA00E78307 /* Frameworks */,
				96778FF12893E2DA00E78307 /* Resources */,
			);
			buildRules = (
			);
			dependencies = (
				96778FF52893E2DA00E78307 /* PBXTargetDependency */,
			);
			name = goatTests;
			productName = goatTests;
			productReference = 96778FF32893E2DA00E78307 /* goatTests.xctest */;
			productType = "com.apple.product-type.bundle.unit-test";
		};
		96778FFC2893E2DA00E78307 /* goatUITests */ = {
			isa = PBXNativeTarget;
			buildConfigurationList = 9677900D2893E2DA00E78307 /* Build configuration list for PBXNativeTarget "goatUITests" */;
			buildPhases = (
				5125002023902DBFEFCFFB3C /* [CP] Check Pods Manifest.lock */,
				96778FF92893E2DA00E78307 /* Sources */,
				96778FFA2893E2DA00E78307 /* Frameworks */,
				96778FFB2893E2DA00E78307 /* Resources */,
				FD88C977C8B645E1F7C266BD /* [CP] Embed Pods Frameworks */,
			);
			buildRules = (
			);
			dependencies = (
				96778FFF2893E2DA00E78307 /* PBXTargetDependency */,
			);
			name = goatUITests;
			productName = goatUITests;
			productReference = 96778FFD2893E2DA00E78307 /* goatUITests.xctest */;
			productType = "com.apple.product-type.bundle.ui-testing";
		};
/* End PBXNativeTarget section */

/* Begin PBXProject section */
		96778FD22893E2D700E78307 /* Project object */ = {
			isa = PBXProject;
			attributes = {
				BuildIndependentTargetsInParallel = 1;
				LastSwiftUpdateCheck = 1330;
				LastUpgradeCheck = 1330;
				TargetAttributes = {
					96778FD92893E2D700E78307 = {
						CreatedOnToolsVersion = 13.3.1;
					};
					96778FF22893E2DA00E78307 = {
						CreatedOnToolsVersion = 13.3.1;
						TestTargetID = 96778FD92893E2D700E78307;
					};
					96778FFC2893E2DA00E78307 = {
						CreatedOnToolsVersion = 13.3.1;
						TestTargetID = 96778FD92893E2D700E78307;
					};
				};
			};
			buildConfigurationList = 96778FD52893E2D700E78307 /* Build configuration list for PBXProject "goat" */;
			compatibilityVersion = "Xcode 13.0";
			developmentRegion = en;
			hasScannedForEncodings = 0;
			knownRegions = (
				en,
				Base,
			);
			mainGroup = 96778FD12893E2D700E78307;
			productRefGroup = 96778FDB2893E2D700E78307 /* Products */;
			projectDirPath = "";
			projectRoot = "";
			targets = (
				96778FD92893E2D700E78307 /* goat */,
				96778FF22893E2DA00E78307 /* goatTests */,
				96778FFC2893E2DA00E78307 /* goatUITests */,
			);
		};
/* End PBXProject section */

/* Begin PBXResourcesBuildPhase section */
		96778FD82893E2D700E78307 /* Resources */ = {
			isa = PBXResourcesBuildPhase;
			buildActionMask = 2147483647;
			files = (
				9677901E2893E3AA00E78307 /* Poppins-Light.ttf in Resources */,
				967790272893E40C00E78307 /* Main.storyboard in Resources */,
				967790292893E42D00E78307 /* Profiles.storyboard in Resources */,
				9677901B2893E3AA00E78307 /* Poppins-ExtraLight.ttf in Resources */,
				9677901C2893E3AA00E78307 /* Poppins-ExtraBold.ttf in Resources */,
				967790202893E3AA00E78307 /* Poppins-Thin.ttf in Resources */,
				96778FED2893E2D900E78307 /* LaunchScreen.storyboard in Resources */,
				9677901D2893E3AA00E78307 /* Poppins-SemiBold.ttf in Resources */,
				96778FEA2893E2D900E78307 /* Assets.xcassets in Resources */,
				967790212893E3AA00E78307 /* Poppins-Bold.ttf in Resources */,
				967790222893E3AA00E78307 /* Poppins-Black.ttf in Resources */,
				967790232893E3AA00E78307 /* Poppins-Medium.ttf in Resources */,
				9677901F2893E3AA00E78307 /* Poppins-Regular.ttf in Resources */,
				9677904028940E4D00E78307 /* GoogleService-Info.plist in Resources */,
			);
			runOnlyForDeploymentPostprocessing = 0;
		};
		96778FF12893E2DA00E78307 /* Resources */ = {
			isa = PBXResourcesBuildPhase;
			buildActionMask = 2147483647;
			files = (
			);
			runOnlyForDeploymentPostprocessing = 0;
		};
		96778FFB2893E2DA00E78307 /* Resources */ = {
			isa = PBXResourcesBuildPhase;
			buildActionMask = 2147483647;
			files = (
			);
			runOnlyForDeploymentPostprocessing = 0;
		};
/* End PBXResourcesBuildPhase section */

/* Begin PBXShellScriptBuildPhase section */
		15DFA5D0A1B53F2FFF51A341 /* [CP] Check Pods Manifest.lock */ = {
			isa = PBXShellScriptBuildPhase;
			buildActionMask = 2147483647;
			files = (
			);
			inputFileListPaths = (
			);
			inputPaths = (
				"${PODS_PODFILE_DIR_PATH}/Podfile.lock",
				"${PODS_ROOT}/Manifest.lock",
			);
			name = "[CP] Check Pods Manifest.lock";
			outputFileListPaths = (
			);
			outputPaths = (
				"$(DERIVED_FILE_DIR)/Pods-goat-checkManifestLockResult.txt",
			);
			runOnlyForDeploymentPostprocessing = 0;
			shellPath = /bin/sh;
			shellScript = "diff \"${PODS_PODFILE_DIR_PATH}/Podfile.lock\" \"${PODS_ROOT}/Manifest.lock\" > /dev/null\nif [ $? != 0 ] ; then\n    # print error to STDERR\n    echo \"error: The sandbox is not in sync with the Podfile.lock. Run 'pod install' or update your CocoaPods installation.\" >&2\n    exit 1\nfi\n# This output is used by Xcode 'outputs' to avoid re-running this script phase.\necho \"SUCCESS\" > \"${SCRIPT_OUTPUT_FILE_0}\"\n";
			showEnvVarsInLog = 0;
		};
		4D6AC02AE92E9481BBCFEC30 /* [CP] Embed Pods Frameworks */ = {
			isa = PBXShellScriptBuildPhase;
			buildActionMask = 2147483647;
			files = (
			);
			inputFileListPaths = (
				"${PODS_ROOT}/Target Support Files/Pods-goat/Pods-goat-frameworks-${CONFIGURATION}-input-files.xcfilelist",
			);
			name = "[CP] Embed Pods Frameworks";
			outputFileListPaths = (
				"${PODS_ROOT}/Target Support Files/Pods-goat/Pods-goat-frameworks-${CONFIGURATION}-output-files.xcfilelist",
			);
			runOnlyForDeploymentPostprocessing = 0;
			shellPath = /bin/sh;
			shellScript = "\"${PODS_ROOT}/Target Support Files/Pods-goat/Pods-goat-frameworks.sh\"\n";
			showEnvVarsInLog = 0;
		};
		5125002023902DBFEFCFFB3C /* [CP] Check Pods Manifest.lock */ = {
			isa = PBXShellScriptBuildPhase;
			buildActionMask = 2147483647;
			files = (
			);
			inputFileListPaths = (
			);
			inputPaths = (
				"${PODS_PODFILE_DIR_PATH}/Podfile.lock",
				"${PODS_ROOT}/Manifest.lock",
			);
			name = "[CP] Check Pods Manifest.lock";
			outputFileListPaths = (
			);
			outputPaths = (
				"$(DERIVED_FILE_DIR)/Pods-goat-goatUITests-checkManifestLockResult.txt",
			);
			runOnlyForDeploymentPostprocessing = 0;
			shellPath = /bin/sh;
			shellScript = "diff \"${PODS_PODFILE_DIR_PATH}/Podfile.lock\" \"${PODS_ROOT}/Manifest.lock\" > /dev/null\nif [ $? != 0 ] ; then\n    # print error to STDERR\n    echo \"error: The sandbox is not in sync with the Podfile.lock. Run 'pod install' or update your CocoaPods installation.\" >&2\n    exit 1\nfi\n# This output is used by Xcode 'outputs' to avoid re-running this script phase.\necho \"SUCCESS\" > \"${SCRIPT_OUTPUT_FILE_0}\"\n";
			showEnvVarsInLog = 0;
		};
		52C488773617C5999073159D /* [CP] Check Pods Manifest.lock */ = {
			isa = PBXShellScriptBuildPhase;
			buildActionMask = 2147483647;
			files = (
			);
			inputFileListPaths = (
			);
			inputPaths = (
				"${PODS_PODFILE_DIR_PATH}/Podfile.lock",
				"${PODS_ROOT}/Manifest.lock",
			);
			name = "[CP] Check Pods Manifest.lock";
			outputFileListPaths = (
			);
			outputPaths = (
				"$(DERIVED_FILE_DIR)/Pods-goatTests-checkManifestLockResult.txt",
			);
			runOnlyForDeploymentPostprocessing = 0;
			shellPath = /bin/sh;
			shellScript = "diff \"${PODS_PODFILE_DIR_PATH}/Podfile.lock\" \"${PODS_ROOT}/Manifest.lock\" > /dev/null\nif [ $? != 0 ] ; then\n    # print error to STDERR\n    echo \"error: The sandbox is not in sync with the Podfile.lock. Run 'pod install' or update your CocoaPods installation.\" >&2\n    exit 1\nfi\n# This output is used by Xcode 'outputs' to avoid re-running this script phase.\necho \"SUCCESS\" > \"${SCRIPT_OUTPUT_FILE_0}\"\n";
			showEnvVarsInLog = 0;
		};
		FD88C977C8B645E1F7C266BD /* [CP] Embed Pods Frameworks */ = {
			isa = PBXShellScriptBuildPhase;
			buildActionMask = 2147483647;
			files = (
			);
			inputFileListPaths = (
				"${PODS_ROOT}/Target Support Files/Pods-goat-goatUITests/Pods-goat-goatUITests-frameworks-${CONFIGURATION}-input-files.xcfilelist",
			);
			name = "[CP] Embed Pods Frameworks";
			outputFileListPaths = (
				"${PODS_ROOT}/Target Support Files/Pods-goat-goatUITests/Pods-goat-goatUITests-frameworks-${CONFIGURATION}-output-files.xcfilelist",
			);
			runOnlyForDeploymentPostprocessing = 0;
			shellPath = /bin/sh;
			shellScript = "\"${PODS_ROOT}/Target Support Files/Pods-goat-goatUITests/Pods-goat-goatUITests-frameworks.sh\"\n";
			showEnvVarsInLog = 0;
		};
/* End PBXShellScriptBuildPhase section */

/* Begin PBXSourcesBuildPhase section */
		96778FD62893E2D700E78307 /* Sources */ = {
			isa = PBXSourcesBuildPhase;
			buildActionMask = 2147483647;
			files = (
				967790362893EE6800E78307 /* ContentModels.swift in Sources */,
				967790312893EB7400E78307 /* MainFeedCollectionViewCell.swift in Sources */,
				96778FE82893E2D700E78307 /* goat.xcdatamodeld in Sources */,
				967790382893EEF400E78307 /* CustomPropertyWrappers.swift in Sources */,
				96B72ECF28941604003F7C87 /* ContentDownloader.swift in Sources */,
				96B72ED528956C31003F7C87 /* ImagePostDownloader.swift in Sources */,
				96778FDE2893E2D700E78307 /* AppDelegate.swift in Sources */,
				9677903E2894046800E78307 /* UIExtensions.swift in Sources */,
				96B72ED32894182A003F7C87 /* CustomErrors.swift in Sources */,
				96778FE02893E2D700E78307 /* SceneDelegate.swift in Sources */,
				9677903C2893F07A00E78307 /* UserModels.swift in Sources */,
				9677902D2893E47B00E78307 /* ViewProfileViewController.swift in Sources */,
				9677903A2893EF8900E78307 /* ObjectParser.swift in Sources */,
				96B72ED1289416D1003F7C87 /* DownloadValidator.swift in Sources */,
				9677902B2893E45B00E78307 /* MainFeedViewController.swift in Sources */,
				96B72ED7289582F7003F7C87 /* CustomEnums.swift in Sources */,
			);
			runOnlyForDeploymentPostprocessing = 0;
		};
		96778FEF2893E2DA00E78307 /* Sources */ = {
			isa = PBXSourcesBuildPhase;
			buildActionMask = 2147483647;
			files = (
				96778FF82893E2DA00E78307 /* goatTests.swift in Sources */,
			);
			runOnlyForDeploymentPostprocessing = 0;
		};
		96778FF92893E2DA00E78307 /* Sources */ = {
			isa = PBXSourcesBuildPhase;
			buildActionMask = 2147483647;
			files = (
				967790022893E2DA00E78307 /* goatUITests.swift in Sources */,
				967790042893E2DA00E78307 /* goatUITestsLaunchTests.swift in Sources */,
			);
			runOnlyForDeploymentPostprocessing = 0;
		};
/* End PBXSourcesBuildPhase section */

/* Begin PBXTargetDependency section */
		96778FF52893E2DA00E78307 /* PBXTargetDependency */ = {
			isa = PBXTargetDependency;
			target = 96778FD92893E2D700E78307 /* goat */;
			targetProxy = 96778FF42893E2DA00E78307 /* PBXContainerItemProxy */;
		};
		96778FFF2893E2DA00E78307 /* PBXTargetDependency */ = {
			isa = PBXTargetDependency;
			target = 96778FD92893E2D700E78307 /* goat */;
			targetProxy = 96778FFE2893E2DA00E78307 /* PBXContainerItemProxy */;
		};
/* End PBXTargetDependency section */

/* Begin PBXVariantGroup section */
		96778FEB2893E2D900E78307 /* LaunchScreen.storyboard */ = {
			isa = PBXVariantGroup;
			children = (
				96778FEC2893E2D900E78307 /* Base */,
			);
			name = LaunchScreen.storyboard;
			sourceTree = "<group>";
		};
/* End PBXVariantGroup section */

/* Begin XCBuildConfiguration section */
		967790052893E2DA00E78307 /* Debug */ = {
			isa = XCBuildConfiguration;
			buildSettings = {
				ALWAYS_SEARCH_USER_PATHS = NO;
				CLANG_ANALYZER_NONNULL = YES;
				CLANG_ANALYZER_NUMBER_OBJECT_CONVERSION = YES_AGGRESSIVE;
				CLANG_CXX_LANGUAGE_STANDARD = "gnu++17";
				CLANG_ENABLE_MODULES = YES;
				CLANG_ENABLE_OBJC_ARC = YES;
				CLANG_ENABLE_OBJC_WEAK = YES;
				CLANG_WARN_BLOCK_CAPTURE_AUTORELEASING = YES;
				CLANG_WARN_BOOL_CONVERSION = YES;
				CLANG_WARN_COMMA = YES;
				CLANG_WARN_CONSTANT_CONVERSION = YES;
				CLANG_WARN_DEPRECATED_OBJC_IMPLEMENTATIONS = YES;
				CLANG_WARN_DIRECT_OBJC_ISA_USAGE = YES_ERROR;
				CLANG_WARN_DOCUMENTATION_COMMENTS = YES;
				CLANG_WARN_EMPTY_BODY = YES;
				CLANG_WARN_ENUM_CONVERSION = YES;
				CLANG_WARN_INFINITE_RECURSION = YES;
				CLANG_WARN_INT_CONVERSION = YES;
				CLANG_WARN_NON_LITERAL_NULL_CONVERSION = YES;
				CLANG_WARN_OBJC_IMPLICIT_RETAIN_SELF = YES;
				CLANG_WARN_OBJC_LITERAL_CONVERSION = YES;
				CLANG_WARN_OBJC_ROOT_CLASS = YES_ERROR;
				CLANG_WARN_QUOTED_INCLUDE_IN_FRAMEWORK_HEADER = YES;
				CLANG_WARN_RANGE_LOOP_ANALYSIS = YES;
				CLANG_WARN_STRICT_PROTOTYPES = YES;
				CLANG_WARN_SUSPICIOUS_MOVE = YES;
				CLANG_WARN_UNGUARDED_AVAILABILITY = YES_AGGRESSIVE;
				CLANG_WARN_UNREACHABLE_CODE = YES;
				CLANG_WARN__DUPLICATE_METHOD_MATCH = YES;
				COPY_PHASE_STRIP = NO;
				DEBUG_INFORMATION_FORMAT = dwarf;
				ENABLE_STRICT_OBJC_MSGSEND = YES;
				ENABLE_TESTABILITY = YES;
				GCC_C_LANGUAGE_STANDARD = gnu11;
				GCC_DYNAMIC_NO_PIC = NO;
				GCC_NO_COMMON_BLOCKS = YES;
				GCC_OPTIMIZATION_LEVEL = 0;
				GCC_PREPROCESSOR_DEFINITIONS = (
					"DEBUG=1",
					"$(inherited)",
				);
				GCC_WARN_64_TO_32_BIT_CONVERSION = YES;
				GCC_WARN_ABOUT_RETURN_TYPE = YES_ERROR;
				GCC_WARN_UNDECLARED_SELECTOR = YES;
				GCC_WARN_UNINITIALIZED_AUTOS = YES_AGGRESSIVE;
				GCC_WARN_UNUSED_FUNCTION = YES;
				GCC_WARN_UNUSED_VARIABLE = YES;
				IPHONEOS_DEPLOYMENT_TARGET = 15.4;
				MTL_ENABLE_DEBUG_INFO = INCLUDE_SOURCE;
				MTL_FAST_MATH = YES;
				ONLY_ACTIVE_ARCH = YES;
				SDKROOT = iphoneos;
				SWIFT_ACTIVE_COMPILATION_CONDITIONS = DEBUG;
				SWIFT_OPTIMIZATION_LEVEL = "-Onone";
			};
			name = Debug;
		};
		967790062893E2DA00E78307 /* Release */ = {
			isa = XCBuildConfiguration;
			buildSettings = {
				ALWAYS_SEARCH_USER_PATHS = NO;
				CLANG_ANALYZER_NONNULL = YES;
				CLANG_ANALYZER_NUMBER_OBJECT_CONVERSION = YES_AGGRESSIVE;
				CLANG_CXX_LANGUAGE_STANDARD = "gnu++17";
				CLANG_ENABLE_MODULES = YES;
				CLANG_ENABLE_OBJC_ARC = YES;
				CLANG_ENABLE_OBJC_WEAK = YES;
				CLANG_WARN_BLOCK_CAPTURE_AUTORELEASING = YES;
				CLANG_WARN_BOOL_CONVERSION = YES;
				CLANG_WARN_COMMA = YES;
				CLANG_WARN_CONSTANT_CONVERSION = YES;
				CLANG_WARN_DEPRECATED_OBJC_IMPLEMENTATIONS = YES;
				CLANG_WARN_DIRECT_OBJC_ISA_USAGE = YES_ERROR;
				CLANG_WARN_DOCUMENTATION_COMMENTS = YES;
				CLANG_WARN_EMPTY_BODY = YES;
				CLANG_WARN_ENUM_CONVERSION = YES;
				CLANG_WARN_INFINITE_RECURSION = YES;
				CLANG_WARN_INT_CONVERSION = YES;
				CLANG_WARN_NON_LITERAL_NULL_CONVERSION = YES;
				CLANG_WARN_OBJC_IMPLICIT_RETAIN_SELF = YES;
				CLANG_WARN_OBJC_LITERAL_CONVERSION = YES;
				CLANG_WARN_OBJC_ROOT_CLASS = YES_ERROR;
				CLANG_WARN_QUOTED_INCLUDE_IN_FRAMEWORK_HEADER = YES;
				CLANG_WARN_RANGE_LOOP_ANALYSIS = YES;
				CLANG_WARN_STRICT_PROTOTYPES = YES;
				CLANG_WARN_SUSPICIOUS_MOVE = YES;
				CLANG_WARN_UNGUARDED_AVAILABILITY = YES_AGGRESSIVE;
				CLANG_WARN_UNREACHABLE_CODE = YES;
				CLANG_WARN__DUPLICATE_METHOD_MATCH = YES;
				COPY_PHASE_STRIP = NO;
				DEBUG_INFORMATION_FORMAT = "dwarf-with-dsym";
				ENABLE_NS_ASSERTIONS = NO;
				ENABLE_STRICT_OBJC_MSGSEND = YES;
				GCC_C_LANGUAGE_STANDARD = gnu11;
				GCC_NO_COMMON_BLOCKS = YES;
				GCC_WARN_64_TO_32_BIT_CONVERSION = YES;
				GCC_WARN_ABOUT_RETURN_TYPE = YES_ERROR;
				GCC_WARN_UNDECLARED_SELECTOR = YES;
				GCC_WARN_UNINITIALIZED_AUTOS = YES_AGGRESSIVE;
				GCC_WARN_UNUSED_FUNCTION = YES;
				GCC_WARN_UNUSED_VARIABLE = YES;
				IPHONEOS_DEPLOYMENT_TARGET = 15.4;
				MTL_ENABLE_DEBUG_INFO = NO;
				MTL_FAST_MATH = YES;
				SDKROOT = iphoneos;
				SWIFT_COMPILATION_MODE = wholemodule;
				SWIFT_OPTIMIZATION_LEVEL = "-O";
				VALIDATE_PRODUCT = YES;
			};
			name = Release;
		};
		967790082893E2DA00E78307 /* Debug */ = {
			isa = XCBuildConfiguration;
			baseConfigurationReference = 86CDD9C15F6C1A3D5917A064 /* Pods-goat.debug.xcconfig */;
			buildSettings = {
				ASSETCATALOG_COMPILER_APPICON_NAME = AppIcon;
				ASSETCATALOG_COMPILER_GLOBAL_ACCENT_COLOR_NAME = AccentColor;
				CODE_SIGN_STYLE = Automatic;
				CURRENT_PROJECT_VERSION = 1;
				DEVELOPMENT_TEAM = DLG7YMAG67;
				GENERATE_INFOPLIST_FILE = YES;
				INFOPLIST_FILE = goat/Info.plist;
				INFOPLIST_KEY_UIApplicationSupportsIndirectInputEvents = YES;
				INFOPLIST_KEY_UILaunchStoryboardName = LaunchScreen;
				INFOPLIST_KEY_UIMainStoryboardFile = Main;
				INFOPLIST_KEY_UISupportedInterfaceOrientations_iPad = "UIInterfaceOrientationPortrait UIInterfaceOrientationPortraitUpsideDown UIInterfaceOrientationLandscapeLeft UIInterfaceOrientationLandscapeRight";
				INFOPLIST_KEY_UISupportedInterfaceOrientations_iPhone = "UIInterfaceOrientationPortrait UIInterfaceOrientationLandscapeLeft UIInterfaceOrientationLandscapeRight";
				LD_RUNPATH_SEARCH_PATHS = (
					"$(inherited)",
					"@executable_path/Frameworks",
				);
				MARKETING_VERSION = 1.0;
				PRODUCT_BUNDLE_IDENTIFIER = co.uk.neurify.goat;
				PRODUCT_NAME = "$(TARGET_NAME)";
				SWIFT_EMIT_LOC_STRINGS = YES;
				SWIFT_VERSION = 5.0;
				TARGETED_DEVICE_FAMILY = "1,2";
			};
			name = Debug;
		};
		967790092893E2DA00E78307 /* Release */ = {
			isa = XCBuildConfiguration;
			baseConfigurationReference = 9402BA8C869F2105C61B0C49 /* Pods-goat.release.xcconfig */;
			buildSettings = {
				ASSETCATALOG_COMPILER_APPICON_NAME = AppIcon;
				ASSETCATALOG_COMPILER_GLOBAL_ACCENT_COLOR_NAME = AccentColor;
				CODE_SIGN_STYLE = Automatic;
				CURRENT_PROJECT_VERSION = 1;
				DEVELOPMENT_TEAM = DLG7YMAG67;
				GENERATE_INFOPLIST_FILE = YES;
				INFOPLIST_FILE = goat/Info.plist;
				INFOPLIST_KEY_UIApplicationSupportsIndirectInputEvents = YES;
				INFOPLIST_KEY_UILaunchStoryboardName = LaunchScreen;
				INFOPLIST_KEY_UIMainStoryboardFile = Main;
				INFOPLIST_KEY_UISupportedInterfaceOrientations_iPad = "UIInterfaceOrientationPortrait UIInterfaceOrientationPortraitUpsideDown UIInterfaceOrientationLandscapeLeft UIInterfaceOrientationLandscapeRight";
				INFOPLIST_KEY_UISupportedInterfaceOrientations_iPhone = "UIInterfaceOrientationPortrait UIInterfaceOrientationLandscapeLeft UIInterfaceOrientationLandscapeRight";
				LD_RUNPATH_SEARCH_PATHS = (
					"$(inherited)",
					"@executable_path/Frameworks",
				);
				MARKETING_VERSION = 1.0;
				PRODUCT_BUNDLE_IDENTIFIER = co.uk.neurify.goat;
				PRODUCT_NAME = "$(TARGET_NAME)";
				SWIFT_EMIT_LOC_STRINGS = YES;
				SWIFT_VERSION = 5.0;
				TARGETED_DEVICE_FAMILY = "1,2";
			};
			name = Release;
		};
		9677900B2893E2DA00E78307 /* Debug */ = {
			isa = XCBuildConfiguration;
			baseConfigurationReference = 4F8F8D51A3CADAE536E86721 /* Pods-goatTests.debug.xcconfig */;
			buildSettings = {
				ALWAYS_EMBED_SWIFT_STANDARD_LIBRARIES = YES;
				BUNDLE_LOADER = "$(TEST_HOST)";
				CODE_SIGN_STYLE = Automatic;
				CURRENT_PROJECT_VERSION = 1;
				DEVELOPMENT_TEAM = DLG7YMAG67;
				GENERATE_INFOPLIST_FILE = YES;
				IPHONEOS_DEPLOYMENT_TARGET = 15.4;
				MARKETING_VERSION = 1.0;
				PRODUCT_BUNDLE_IDENTIFIER = co.uk.neurify.goatTests;
				PRODUCT_NAME = "$(TARGET_NAME)";
				SWIFT_EMIT_LOC_STRINGS = NO;
				SWIFT_VERSION = 5.0;
				TARGETED_DEVICE_FAMILY = "1,2";
				TEST_HOST = "$(BUILT_PRODUCTS_DIR)/goat.app/goat";
			};
			name = Debug;
		};
		9677900C2893E2DA00E78307 /* Release */ = {
			isa = XCBuildConfiguration;
			baseConfigurationReference = E026BE75BD7C37931E1A1846 /* Pods-goatTests.release.xcconfig */;
			buildSettings = {
				ALWAYS_EMBED_SWIFT_STANDARD_LIBRARIES = YES;
				BUNDLE_LOADER = "$(TEST_HOST)";
				CODE_SIGN_STYLE = Automatic;
				CURRENT_PROJECT_VERSION = 1;
				DEVELOPMENT_TEAM = DLG7YMAG67;
				GENERATE_INFOPLIST_FILE = YES;
				IPHONEOS_DEPLOYMENT_TARGET = 15.4;
				MARKETING_VERSION = 1.0;
				PRODUCT_BUNDLE_IDENTIFIER = co.uk.neurify.goatTests;
				PRODUCT_NAME = "$(TARGET_NAME)";
				SWIFT_EMIT_LOC_STRINGS = NO;
				SWIFT_VERSION = 5.0;
				TARGETED_DEVICE_FAMILY = "1,2";
				TEST_HOST = "$(BUILT_PRODUCTS_DIR)/goat.app/goat";
			};
			name = Release;
		};
		9677900E2893E2DA00E78307 /* Debug */ = {
			isa = XCBuildConfiguration;
			baseConfigurationReference = A188FF19091D3CA71DA6FC58 /* Pods-goat-goatUITests.debug.xcconfig */;
			buildSettings = {
				ALWAYS_EMBED_SWIFT_STANDARD_LIBRARIES = YES;
				CODE_SIGN_STYLE = Automatic;
				CURRENT_PROJECT_VERSION = 1;
				DEVELOPMENT_TEAM = DLG7YMAG67;
				GENERATE_INFOPLIST_FILE = YES;
				MARKETING_VERSION = 1.0;
				PRODUCT_BUNDLE_IDENTIFIER = co.uk.neurify.goatUITests;
				PRODUCT_NAME = "$(TARGET_NAME)";
				SWIFT_EMIT_LOC_STRINGS = NO;
				SWIFT_VERSION = 5.0;
				TARGETED_DEVICE_FAMILY = "1,2";
				TEST_TARGET_NAME = goat;
			};
			name = Debug;
		};
		9677900F2893E2DA00E78307 /* Release */ = {
			isa = XCBuildConfiguration;
			baseConfigurationReference = 1DB6106376239BA1E55785C8 /* Pods-goat-goatUITests.release.xcconfig */;
			buildSettings = {
				ALWAYS_EMBED_SWIFT_STANDARD_LIBRARIES = YES;
				CODE_SIGN_STYLE = Automatic;
				CURRENT_PROJECT_VERSION = 1;
				DEVELOPMENT_TEAM = DLG7YMAG67;
				GENERATE_INFOPLIST_FILE = YES;
				MARKETING_VERSION = 1.0;
				PRODUCT_BUNDLE_IDENTIFIER = co.uk.neurify.goatUITests;
				PRODUCT_NAME = "$(TARGET_NAME)";
				SWIFT_EMIT_LOC_STRINGS = NO;
				SWIFT_VERSION = 5.0;
				TARGETED_DEVICE_FAMILY = "1,2";
				TEST_TARGET_NAME = goat;
			};
			name = Release;
		};
/* End XCBuildConfiguration section */

/* Begin XCConfigurationList section */
		96778FD52893E2D700E78307 /* Build configuration list for PBXProject "goat" */ = {
			isa = XCConfigurationList;
			buildConfigurations = (
				967790052893E2DA00E78307 /* Debug */,
				967790062893E2DA00E78307 /* Release */,
			);
			defaultConfigurationIsVisible = 0;
			defaultConfigurationName = Release;
		};
		967790072893E2DA00E78307 /* Build configuration list for PBXNativeTarget "goat" */ = {
			isa = XCConfigurationList;
			buildConfigurations = (
				967790082893E2DA00E78307 /* Debug */,
				967790092893E2DA00E78307 /* Release */,
			);
			defaultConfigurationIsVisible = 0;
			defaultConfigurationName = Release;
		};
		9677900A2893E2DA00E78307 /* Build configuration list for PBXNativeTarget "goatTests" */ = {
			isa = XCConfigurationList;
			buildConfigurations = (
				9677900B2893E2DA00E78307 /* Debug */,
				9677900C2893E2DA00E78307 /* Release */,
			);
			defaultConfigurationIsVisible = 0;
			defaultConfigurationName = Release;
		};
		9677900D2893E2DA00E78307 /* Build configuration list for PBXNativeTarget "goatUITests" */ = {
			isa = XCConfigurationList;
			buildConfigurations = (
				9677900E2893E2DA00E78307 /* Debug */,
				9677900F2893E2DA00E78307 /* Release */,
			);
			defaultConfigurationIsVisible = 0;
			defaultConfigurationName = Release;
		};
/* End XCConfigurationList section */

/* Begin XCVersionGroup section */
		96778FE62893E2D700E78307 /* goat.xcdatamodeld */ = {
			isa = XCVersionGroup;
			children = (
				96778FE72893E2D700E78307 /* goat.xcdatamodel */,
			);
			currentVersion = 96778FE72893E2D700E78307 /* goat.xcdatamodel */;
			path = goat.xcdatamodeld;
			sourceTree = "<group>";
			versionGroupType = wrapper.xcdatamodel;
		};
/* End XCVersionGroup section */
	};
	rootObject = 96778FD22893E2D700E78307 /* Project object */;
}
